// !$*UTF8*$!
{
	archiveVersion = 1;
	classes = {
	};
	objectVersion = 55;
	objects = {

/* Begin PBXBuildFile section */
		FFA54BC9274BFA9700EC5510 /* ChatAppApp.swift in Sources */ = {isa = PBXBuildFile; fileRef = FFA54BC8274BFA9700EC5510 /* ChatAppApp.swift */; };
		FFA54BCB274BFA9700EC5510 /* LoginView.swift in Sources */ = {isa = PBXBuildFile; fileRef = FFA54BCA274BFA9700EC5510 /* LoginView.swift */; };
		FFA54BCD274BFA9900EC5510 /* Assets.xcassets in Resources */ = {isa = PBXBuildFile; fileRef = FFA54BCC274BFA9900EC5510 /* Assets.xcassets */; };
		FFA54BD0274BFA9900EC5510 /* Preview Assets.xcassets in Resources */ = {isa = PBXBuildFile; fileRef = FFA54BCF274BFA9900EC5510 /* Preview Assets.xcassets */; };
		FFA54BD7274BFBCB00EC5510 /* GoogleService-Info.plist in Resources */ = {isa = PBXBuildFile; fileRef = FFA54BD6274BFBCA00EC5510 /* GoogleService-Info.plist */; };
		FFA54BDA274CC43B00EC5510 /* FirebaseAuth in Frameworks */ = {isa = PBXBuildFile; productRef = FFA54BD9274CC43B00EC5510 /* FirebaseAuth */; };
		FFA54BDC274CC43B00EC5510 /* FirebaseFirestore in Frameworks */ = {isa = PBXBuildFile; productRef = FFA54BDB274CC43B00EC5510 /* FirebaseFirestore */; };
		FFA54BDE274CC61900EC5510 /* SessionStore.swift in Sources */ = {isa = PBXBuildFile; fileRef = FFA54BDD274CC61900EC5510 /* SessionStore.swift */; };
		FFA54BE0274CC68A00EC5510 /* User.swift in Sources */ = {isa = PBXBuildFile; fileRef = FFA54BDF274CC68A00EC5510 /* User.swift */; };
		FFA54BE5274CCD5900EC5510 /* ChatList.swift in Sources */ = {isa = PBXBuildFile; fileRef = FFA54BE4274CCD5900EC5510 /* ChatList.swift */; };
/* End PBXBuildFile section */

/* Begin PBXFileReference section */
		FFA54BC5274BFA9700EC5510 /* ChatApp.app */ = {isa = PBXFileReference; explicitFileType = wrapper.application; includeInIndex = 0; path = ChatApp.app; sourceTree = BUILT_PRODUCTS_DIR; };
		FFA54BC8274BFA9700EC5510 /* ChatAppApp.swift */ = {isa = PBXFileReference; lastKnownFileType = sourcecode.swift; path = ChatAppApp.swift; sourceTree = "<group>"; };
		FFA54BCA274BFA9700EC5510 /* LoginView.swift */ = {isa = PBXFileReference; lastKnownFileType = sourcecode.swift; path = LoginView.swift; sourceTree = "<group>"; };
		FFA54BCC274BFA9900EC5510 /* Assets.xcassets */ = {isa = PBXFileReference; lastKnownFileType = folder.assetcatalog; path = Assets.xcassets; sourceTree = "<group>"; };
		FFA54BCF274BFA9900EC5510 /* Preview Assets.xcassets */ = {isa = PBXFileReference; lastKnownFileType = folder.assetcatalog; path = "Preview Assets.xcassets"; sourceTree = "<group>"; };
		FFA54BD6274BFBCA00EC5510 /* GoogleService-Info.plist */ = {isa = PBXFileReference; fileEncoding = 4; lastKnownFileType = text.plist.xml; path = "GoogleService-Info.plist"; sourceTree = "<group>"; };
		FFA54BDD274CC61900EC5510 /* SessionStore.swift */ = {isa = PBXFileReference; lastKnownFileType = sourcecode.swift; path = SessionStore.swift; sourceTree = "<group>"; };
		FFA54BDF274CC68A00EC5510 /* User.swift */ = {isa = PBXFileReference; lastKnownFileType = sourcecode.swift; path = User.swift; sourceTree = "<group>"; };
		FFA54BE4274CCD5900EC5510 /* ChatList.swift */ = {isa = PBXFileReference; lastKnownFileType = sourcecode.swift; path = ChatList.swift; sourceTree = "<group>"; };
/* End PBXFileReference section */

/* Begin PBXFrameworksBuildPhase section */
		FFA54BC2274BFA9700EC5510 /* Frameworks */ = {
			isa = PBXFrameworksBuildPhase;
			buildActionMask = 2147483647;
			files = (
				FFA54BDA274CC43B00EC5510 /* FirebaseAuth in Frameworks */,
				FFA54BDC274CC43B00EC5510 /* FirebaseFirestore in Frameworks */,
			);
			runOnlyForDeploymentPostprocessing = 0;
		};
/* End PBXFrameworksBuildPhase section */

/* Begin PBXGroup section */
		FFA54BBC274BFA9700EC5510 = {
			isa = PBXGroup;
			children = (
				FFA54BC7274BFA9700EC5510 /* ChatApp */,
				FFA54BC6274BFA9700EC5510 /* Products */,
			);
			sourceTree = "<group>";
		};
		FFA54BC6274BFA9700EC5510 /* Products */ = {
			isa = PBXGroup;
			children = (
				FFA54BC5274BFA9700EC5510 /* ChatApp.app */,
			);
			name = Products;
			sourceTree = "<group>";
		};
		FFA54BC7274BFA9700EC5510 /* ChatApp */ = {
			isa = PBXGroup;
			children = (
				FFA54BC8274BFA9700EC5510 /* ChatAppApp.swift */,
				FFA54BE1274CC68F00EC5510 /* Models */,
				FFA54BE2274CC69A00EC5510 /* Views */,
				FFA54BE3274CCD3400EC5510 /* Services */,
				FFA54BCC274BFA9900EC5510 /* Assets.xcassets */,
				FFA54BD6274BFBCA00EC5510 /* GoogleService-Info.plist */,
				FFA54BCE274BFA9900EC5510 /* Preview Content */,
			);
			path = ChatApp;
			sourceTree = "<group>";
		};
		FFA54BCE274BFA9900EC5510 /* Preview Content */ = {
			isa = PBXGroup;
			children = (
				FFA54BCF274BFA9900EC5510 /* Preview Assets.xcassets */,
			);
			path = "Preview Content";
			sourceTree = "<group>";
		};
		FFA54BE1274CC68F00EC5510 /* Models */ = {
			isa = PBXGroup;
			children = (
				FFA54BDF274CC68A00EC5510 /* User.swift */,
			);
			path = Models;
			sourceTree = "<group>";
		};
		FFA54BE2274CC69A00EC5510 /* Views */ = {
			isa = PBXGroup;
			children = (
				FFA54BCA274BFA9700EC5510 /* LoginView.swift */,
				FFA54BE4274CCD5900EC5510 /* ChatList.swift */,
			);
			path = Views;
			sourceTree = "<group>";
		};
		FFA54BE3274CCD3400EC5510 /* Services */ = {
			isa = PBXGroup;
			children = (
				FFA54BDD274CC61900EC5510 /* SessionStore.swift */,
			);
			path = Services;
			sourceTree = "<group>";
		};
/* End PBXGroup section */

/* Begin PBXNativeTarget section */
		FFA54BC4274BFA9700EC5510 /* ChatApp */ = {
			isa = PBXNativeTarget;
			buildConfigurationList = FFA54BD3274BFA9900EC5510 /* Build configuration list for PBXNativeTarget "ChatApp" */;
			buildPhases = (
				FFA54BC1274BFA9700EC5510 /* Sources */,
				FFA54BC2274BFA9700EC5510 /* Frameworks */,
				FFA54BC3274BFA9700EC5510 /* Resources */,
			);
			buildRules = (
			);
			dependencies = (
			);
			name = ChatApp;
			packageProductDependencies = (
				FFA54BD9274CC43B00EC5510 /* FirebaseAuth */,
				FFA54BDB274CC43B00EC5510 /* FirebaseFirestore */,
			);
			productName = ChatApp;
			productReference = FFA54BC5274BFA9700EC5510 /* ChatApp.app */;
			productType = "com.apple.product-type.application";
		};
/* End PBXNativeTarget section */

/* Begin PBXProject section */
		FFA54BBD274BFA9700EC5510 /* Project object */ = {
			isa = PBXProject;
			attributes = {
				BuildIndependentTargetsInParallel = 1;
				LastSwiftUpdateCheck = 1310;
				LastUpgradeCheck = 1310;
				TargetAttributes = {
					FFA54BC4274BFA9700EC5510 = {
						CreatedOnToolsVersion = 13.1;
					};
				};
			};
			buildConfigurationList = FFA54BC0274BFA9700EC5510 /* Build configuration list for PBXProject "ChatApp" */;
			compatibilityVersion = "Xcode 13.0";
			developmentRegion = en;
			hasScannedForEncodings = 0;
			knownRegions = (
				en,
				Base,
			);
			mainGroup = FFA54BBC274BFA9700EC5510;
			packageReferences = (
				FFA54BD8274CC43B00EC5510 /* XCRemoteSwiftPackageReference "firebase-ios-sdk" */,
			);
			productRefGroup = FFA54BC6274BFA9700EC5510 /* Products */;
			projectDirPath = "";
			projectRoot = "";
			targets = (
				FFA54BC4274BFA9700EC5510 /* ChatApp */,
			);
		};
/* End PBXProject section */

/* Begin PBXResourcesBuildPhase section */
		FFA54BC3274BFA9700EC5510 /* Resources */ = {
			isa = PBXResourcesBuildPhase;
			buildActionMask = 2147483647;
			files = (
				FFA54BD0274BFA9900EC5510 /* Preview Assets.xcassets in Resources */,
				FFA54BCD274BFA9900EC5510 /* Assets.xcassets in Resources */,
				FFA54BD7274BFBCB00EC5510 /* GoogleService-Info.plist in Resources */,
			);
			runOnlyForDeploymentPostprocessing = 0;
		};
/* End PBXResourcesBuildPhase section */

/* Begin PBXSourcesBuildPhase section */
		FFA54BC1274BFA9700EC5510 /* Sources */ = {
			isa = PBXSourcesBuildPhase;
			buildActionMask = 2147483647;
			files = (
				FFA54BE5274CCD5900EC5510 /* ChatList.swift in Sources */,
				FFA54BE0274CC68A00EC5510 /* User.swift in Sources */,
				FFA54BCB274BFA9700EC5510 /* LoginView.swift in Sources */,
				FFA54BC9274BFA9700EC5510 /* ChatAppApp.swift in Sources */,
				FFA54BDE274CC61900EC5510 /* SessionStore.swift in Sources */,
			);
			runOnlyForDeploymentPostprocessing = 0;
		};
/* End PBXSourcesBuildPhase section */

/* Begin XCBuildConfiguration section */
		FFA54BD1274BFA9900EC5510 /* Debug */ = {
			isa = XCBuildConfiguration;
			buildSettings = {
				ALWAYS_SEARCH_USER_PATHS = NO;
				CLANG_ANALYZER_NONNULL = YES;
				CLANG_ANALYZER_NUMBER_OBJECT_CONVERSION = YES_AGGRESSIVE;
				CLANG_CXX_LANGUAGE_STANDARD = "gnu++17";
				CLANG_CXX_LIBRARY = "libc++";
				CLANG_ENABLE_MODULES = YES;
				CLANG_ENABLE_OBJC_ARC = YES;
				CLANG_ENABLE_OBJC_WEAK = YES;
				CLANG_WARN_BLOCK_CAPTURE_AUTORELEASING = YES;
				CLANG_WARN_BOOL_CONVERSION = YES;
				CLANG_WARN_COMMA = YES;
				CLANG_WARN_CONSTANT_CONVERSION = YES;
				CLANG_WARN_DEPRECATED_OBJC_IMPLEMENTATIONS = YES;
				CLANG_WARN_DIRECT_OBJC_ISA_USAGE = YES_ERROR;
				CLANG_WARN_DOCUMENTATION_COMMENTS = YES;
				CLANG_WARN_EMPTY_BODY = YES;
				CLANG_WARN_ENUM_CONVERSION = YES;
				CLANG_WARN_INFINITE_RECURSION = YES;
				CLANG_WARN_INT_CONVERSION = YES;
				CLANG_WARN_NON_LITERAL_NULL_CONVERSION = YES;
				CLANG_WARN_OBJC_IMPLICIT_RETAIN_SELF = YES;
				CLANG_WARN_OBJC_LITERAL_CONVERSION = YES;
				CLANG_WARN_OBJC_ROOT_CLASS = YES_ERROR;
				CLANG_WARN_QUOTED_INCLUDE_IN_FRAMEWORK_HEADER = YES;
				CLANG_WARN_RANGE_LOOP_ANALYSIS = YES;
				CLANG_WARN_STRICT_PROTOTYPES = YES;
				CLANG_WARN_SUSPICIOUS_MOVE = YES;
				CLANG_WARN_UNGUARDED_AVAILABILITY = YES_AGGRESSIVE;
				CLANG_WARN_UNREACHABLE_CODE = YES;
				CLANG_WARN__DUPLICATE_METHOD_MATCH = YES;
				COPY_PHASE_STRIP = NO;
				DEBUG_INFORMATION_FORMAT = dwarf;
				ENABLE_STRICT_OBJC_MSGSEND = YES;
				ENABLE_TESTABILITY = YES;
				GCC_C_LANGUAGE_STANDARD = gnu11;
				GCC_DYNAMIC_NO_PIC = NO;
				GCC_NO_COMMON_BLOCKS = YES;
				GCC_OPTIMIZATION_LEVEL = 0;
				GCC_PREPROCESSOR_DEFINITIONS = (
					"DEBUG=1",
					"$(inherited)",
				);
				GCC_WARN_64_TO_32_BIT_CONVERSION = YES;
				GCC_WARN_ABOUT_RETURN_TYPE = YES_ERROR;
				GCC_WARN_UNDECLARED_SELECTOR = YES;
				GCC_WARN_UNINITIALIZED_AUTOS = YES_AGGRESSIVE;
				GCC_WARN_UNUSED_FUNCTION = YES;
				GCC_WARN_UNUSED_VARIABLE = YES;
				IPHONEOS_DEPLOYMENT_TARGET = 15.0;
				MTL_ENABLE_DEBUG_INFO = INCLUDE_SOURCE;
				MTL_FAST_MATH = YES;
				ONLY_ACTIVE_ARCH = YES;
				SDKROOT = iphoneos;
				SWIFT_ACTIVE_COMPILATION_CONDITIONS = DEBUG;
				SWIFT_OPTIMIZATION_LEVEL = "-Onone";
			};
			name = Debug;
		};
		FFA54BD2274BFA9900EC5510 /* Release */ = {
			isa = XCBuildConfiguration;
			buildSettings = {
				ALWAYS_SEARCH_USER_PATHS = NO;
				CLANG_ANALYZER_NONNULL = YES;
				CLANG_ANALYZER_NUMBER_OBJECT_CONVERSION = YES_AGGRESSIVE;
				CLANG_CXX_LANGUAGE_STANDARD = "gnu++17";
				CLANG_CXX_LIBRARY = "libc++";
				CLANG_ENABLE_MODULES = YES;
				CLANG_ENABLE_OBJC_ARC = YES;
				CLANG_ENABLE_OBJC_WEAK = YES;
				CLANG_WARN_BLOCK_CAPTURE_AUTORELEASING = YES;
				CLANG_WARN_BOOL_CONVERSION = YES;
				CLANG_WARN_COMMA = YES;
				CLANG_WARN_CONSTANT_CONVERSION = YES;
				CLANG_WARN_DEPRECATED_OBJC_IMPLEMENTATIONS = YES;
				CLANG_WARN_DIRECT_OBJC_ISA_USAGE = YES_ERROR;
				CLANG_WARN_DOCUMENTATION_COMMENTS = YES;
				CLANG_WARN_EMPTY_BODY = YES;
				CLANG_WARN_ENUM_CONVERSION = YES;
				CLANG_WARN_INFINITE_RECURSION = YES;
				CLANG_WARN_INT_CONVERSION = YES;
				CLANG_WARN_NON_LITERAL_NULL_CONVERSION = YES;
				CLANG_WARN_OBJC_IMPLICIT_RETAIN_SELF = YES;
				CLANG_WARN_OBJC_LITERAL_CONVERSION = YES;
				CLANG_WARN_OBJC_ROOT_CLASS = YES_ERROR;
				CLANG_WARN_QUOTED_INCLUDE_IN_FRAMEWORK_HEADER = YES;
				CLANG_WARN_RANGE_LOOP_ANALYSIS = YES;
				CLANG_WARN_STRICT_PROTOTYPES = YES;
				CLANG_WARN_SUSPICIOUS_MOVE = YES;
				CLANG_WARN_UNGUARDED_AVAILABILITY = YES_AGGRESSIVE;
				CLANG_WARN_UNREACHABLE_CODE = YES;
				CLANG_WARN__DUPLICATE_METHOD_MATCH = YES;
				COPY_PHASE_STRIP = NO;
				DEBUG_INFORMATION_FORMAT = "dwarf-with-dsym";
				ENABLE_NS_ASSERTIONS = NO;
				ENABLE_STRICT_OBJC_MSGSEND = YES;
				GCC_C_LANGUAGE_STANDARD = gnu11;
				GCC_NO_COMMON_BLOCKS = YES;
				GCC_WARN_64_TO_32_BIT_CONVERSION = YES;
				GCC_WARN_ABOUT_RETURN_TYPE = YES_ERROR;
				GCC_WARN_UNDECLARED_SELECTOR = YES;
				GCC_WARN_UNINITIALIZED_AUTOS = YES_AGGRESSIVE;
				GCC_WARN_UNUSED_FUNCTION = YES;
				GCC_WARN_UNUSED_VARIABLE = YES;
				IPHONEOS_DEPLOYMENT_TARGET = 15.0;
				MTL_ENABLE_DEBUG_INFO = NO;
				MTL_FAST_MATH = YES;
				SDKROOT = iphoneos;
				SWIFT_COMPILATION_MODE = wholemodule;
				SWIFT_OPTIMIZATION_LEVEL = "-O";
				VALIDATE_PRODUCT = YES;
			};
			name = Release;
		};
		FFA54BD4274BFA9900EC5510 /* Debug */ = {
			isa = XCBuildConfiguration;
			buildSettings = {
				ASSETCATALOG_COMPILER_APPICON_NAME = AppIcon;
				ASSETCATALOG_COMPILER_GLOBAL_ACCENT_COLOR_NAME = AccentColor;
				CODE_SIGN_STYLE = Automatic;
				CURRENT_PROJECT_VERSION = 1;
				DEVELOPMENT_ASSET_PATHS = "\"ChatApp/Preview Content\"";
				DEVELOPMENT_TEAM = V9KWBFA2B6;
				ENABLE_PREVIEWS = YES;
				GENERATE_INFOPLIST_FILE = YES;
				INFOPLIST_KEY_UIApplicationSceneManifest_Generation = YES;
				INFOPLIST_KEY_UIApplicationSupportsIndirectInputEvents = YES;
				INFOPLIST_KEY_UILaunchScreen_Generation = YES;
				INFOPLIST_KEY_UISupportedInterfaceOrientations_iPad = "UIInterfaceOrientationPortrait UIInterfaceOrientationPortraitUpsideDown UIInterfaceOrientationLandscapeLeft UIInterfaceOrientationLandscapeRight";
				INFOPLIST_KEY_UISupportedInterfaceOrientations_iPhone = "UIInterfaceOrientationPortrait UIInterfaceOrientationLandscapeLeft UIInterfaceOrientationLandscapeRight";
				LD_RUNPATH_SEARCH_PATHS = (
					"$(inherited)",
					"@executable_path/Frameworks",
				);
				MARKETING_VERSION = 1.0;
				PRODUCT_BUNDLE_IDENTIFIER = VS.ChatApp;
				PRODUCT_NAME = "$(TARGET_NAME)";
				SWIFT_EMIT_LOC_STRINGS = YES;
				SWIFT_VERSION = 5.0;
				TARGETED_DEVICE_FAMILY = "1,2";
			};
			name = Debug;
		};
		FFA54BD5274BFA9900EC5510 /* Release */ = {
			isa = XCBuildConfiguration;
			buildSettings = {
				ASSETCATALOG_COMPILER_APPICON_NAME = AppIcon;
				ASSETCATALOG_COMPILER_GLOBAL_ACCENT_COLOR_NAME = AccentColor;
				CODE_SIGN_STYLE = Automatic;
				CURRENT_PROJECT_VERSION = 1;
				DEVELOPMENT_ASSET_PATHS = "\"ChatApp/Preview Content\"";
				DEVELOPMENT_TEAM = V9KWBFA2B6;
				ENABLE_PREVIEWS = YES;
				GENERATE_INFOPLIST_FILE = YES;
				INFOPLIST_KEY_UIApplicationSceneManifest_Generation = YES;
				INFOPLIST_KEY_UIApplicationSupportsIndirectInputEvents = YES;
				INFOPLIST_KEY_UILaunchScreen_Generation = YES;
				INFOPLIST_KEY_UISupportedInterfaceOrientations_iPad = "UIInterfaceOrientationPortrait UIInterfaceOrientationPortraitUpsideDown UIInterfaceOrientationLandscapeLeft UIInterfaceOrientationLandscapeRight";
				INFOPLIST_KEY_UISupportedInterfaceOrientations_iPhone = "UIInterfaceOrientationPortrait UIInterfaceOrientationLandscapeLeft UIInterfaceOrientationLandscapeRight";
				LD_RUNPATH_SEARCH_PATHS = (
					"$(inherited)",
					"@executable_path/Frameworks",
				);
				MARKETING_VERSION = 1.0;
				PRODUCT_BUNDLE_IDENTIFIER = VS.ChatApp;
				PRODUCT_NAME = "$(TARGET_NAME)";
				SWIFT_EMIT_LOC_STRINGS = YES;
				SWIFT_VERSION = 5.0;
				TARGETED_DEVICE_FAMILY = "1,2";
			};
			name = Release;
		};
/* End XCBuildConfiguration section */

/* Begin XCConfigurationList section */
		FFA54BC0274BFA9700EC5510 /* Build configuration list for PBXProject "ChatApp" */ = {
			isa = XCConfigurationList;
			buildConfigurations = (
				FFA54BD1274BFA9900EC5510 /* Debug */,
				FFA54BD2274BFA9900EC5510 /* Release */,
			);
			defaultConfigurationIsVisible = 0;
			defaultConfigurationName = Release;
		};
		FFA54BD3274BFA9900EC5510 /* Build configuration list for PBXNativeTarget "ChatApp" */ = {
			isa = XCConfigurationList;
			buildConfigurations = (
				FFA54BD4274BFA9900EC5510 /* Debug */,
				FFA54BD5274BFA9900EC5510 /* Release */,
			);
			defaultConfigurationIsVisible = 0;
			defaultConfigurationName = Release;
		};
/* End XCConfigurationList section */

/* Begin XCRemoteSwiftPackageReference section */
		FFA54BD8274CC43B00EC5510 /* XCRemoteSwiftPackageReference "firebase-ios-sdk" */ = {
			isa = XCRemoteSwiftPackageReference;
			repositoryURL = "https://github.com/firebase/firebase-ios-sdk";
			requirement = {
				kind = upToNextMajorVersion;
				minimumVersion = 8.0.0;
			};
		};
/* End XCRemoteSwiftPackageReference section */

/* Begin XCSwiftPackageProductDependency section */
		FFA54BD9274CC43B00EC5510 /* FirebaseAuth */ = {
			isa = XCSwiftPackageProductDependency;
			package = FFA54BD8274CC43B00EC5510 /* XCRemoteSwiftPackageReference "firebase-ios-sdk" */;
			productName = FirebaseAuth;
		};
		FFA54BDB274CC43B00EC5510 /* FirebaseFirestore */ = {
			isa = XCSwiftPackageProductDependency;
			package = FFA54BD8274CC43B00EC5510 /* XCRemoteSwiftPackageReference "firebase-ios-sdk" */;
			productName = FirebaseFirestore;
		};
/* End XCSwiftPackageProductDependency section */
	};
	rootObject = FFA54BBD274BFA9700EC5510 /* Project object */;
}
